// !$*UTF8*$!
{
	archiveVersion = 1;
	classes = {
	};
	objectVersion = 56;
	objects = {

/* Begin PBXBuildFile section */
		2205E99F2EA7E8010038A2A2 /* WeatherNewsApp.swift in Sources */ = {isa = PBXBuildFile; fileRef = 2205E99E2EA7E8010038A2A2 /* WeatherNewsApp.swift */; };
		2205E9A12EA7E8010038A2A2 /* WeatherContainer.swift in Sources */ = {isa = PBXBuildFile; fileRef = 2205E9A02EA7E8010038A2A2 /* WeatherContainer.swift */; };
		2205E9A32EA7E8040038A2A2 /* Assets.xcassets in Resources */ = {isa = PBXBuildFile; fileRef = 2205E9A22EA7E8040038A2A2 /* Assets.xcassets */; };
		2205E9A62EA7E8040038A2A2 /* Preview Assets.xcassets in Resources */ = {isa = PBXBuildFile; fileRef = 2205E9A52EA7E8040038A2A2 /* Preview Assets.xcassets */; };
		2205E9A82EA7E8040038A2A2 /* Persistence.swift in Sources */ = {isa = PBXBuildFile; fileRef = 2205E9A72EA7E8040038A2A2 /* Persistence.swift */; };
		2205E9AB2EA7E8040038A2A2 /* WeatherEntity.xcdatamodeld in Sources */ = {isa = PBXBuildFile; fileRef = 2205E9A92EA7E8040038A2A2 /* WeatherEntity.xcdatamodeld */; };
		2205E9B52EA7E8050038A2A2 /* WeatherNewsTests.swift in Sources */ = {isa = PBXBuildFile; fileRef = 2205E9B42EA7E8050038A2A2 /* WeatherNewsTests.swift */; };
		2205E9BF2EA7E8050038A2A2 /* WeatherNewsUITests.swift in Sources */ = {isa = PBXBuildFile; fileRef = 2205E9BE2EA7E8050038A2A2 /* WeatherNewsUITests.swift */; };
		2205E9C12EA7E8050038A2A2 /* WeatherNewsUITestsLaunchTests.swift in Sources */ = {isa = PBXBuildFile; fileRef = 2205E9C02EA7E8050038A2A2 /* WeatherNewsUITestsLaunchTests.swift */; };
		2205E9CE2EA7F67F0038A2A2 /* SettingsView.swift in Sources */ = {isa = PBXBuildFile; fileRef = 2205E9CD2EA7F67F0038A2A2 /* SettingsView.swift */; };
		2205E9D02EA7FA320038A2A2 /* HomeView.swift in Sources */ = {isa = PBXBuildFile; fileRef = 2205E9CF2EA7FA310038A2A2 /* HomeView.swift */; };
		2205E9D32EA7FF590038A2A2 /* Alerts.swift in Sources */ = {isa = PBXBuildFile; fileRef = 2205E9D22EA7FF590038A2A2 /* Alerts.swift */; };
		2205E9D52EA8003D0038A2A2 /* Favorites.swift in Sources */ = {isa = PBXBuildFile; fileRef = 2205E9D42EA8003D0038A2A2 /* Favorites.swift */; };
		2205E9D82EA828F40038A2A2 /* HexColor.swift in Sources */ = {isa = PBXBuildFile; fileRef = 2205E9D72EA828F40038A2A2 /* HexColor.swift */; };
		2216926C2EF1BD7700D6C2B4 /* AlertManager.swift in Sources */ = {isa = PBXBuildFile; fileRef = 2216926B2EF1BD7700D6C2B4 /* AlertManager.swift */; };
		2216926F2EF1D45600D6C2B4 /* AlertsViewModel.swift in Sources */ = {isa = PBXBuildFile; fileRef = 2216926E2EF1D45600D6C2B4 /* AlertsViewModel.swift */; };
		221A34292ED0CC01008B40FF /* FAB.swift in Sources */ = {isa = PBXBuildFile; fileRef = 221A34282ED0CC01008B40FF /* FAB.swift */; };
		2229CF692EF8C67500526158 /* LocationService.swift in Sources */ = {isa = PBXBuildFile; fileRef = 2229CF682EF8C67500526158 /* LocationService.swift */; };
		222C247D2EF1E10000E84B22 /* AddAlertView.swift in Sources */ = {isa = PBXBuildFile; fileRef = 222C247C2EF1E10000E84B22 /* AddAlertView.swift */; };
		22363F1E2ECED396008765E7 /* HourlyDetails.swift in Sources */ = {isa = PBXBuildFile; fileRef = 22363F1D2ECED396008765E7 /* HourlyDetails.swift */; };
		223930D12EB641670004DD19 /* WeatherApiService.swift in Sources */ = {isa = PBXBuildFile; fileRef = 223930D02EB641670004DD19 /* WeatherApiService.swift */; };
		2244153C2EF0816D00004DB1 /* WeatherDetails.swift in Sources */ = {isa = PBXBuildFile; fileRef = 2244153B2EF0816D00004DB1 /* WeatherDetails.swift */; };
		22453F4D2EB4EC8C0083F15B /* HomeViewModel.swift in Sources */ = {isa = PBXBuildFile; fileRef = 22453F4C2EB4EC8C0083F15B /* HomeViewModel.swift */; };
		22453F512EB554E80083F15B /* WeatherResponse.swift in Sources */ = {isa = PBXBuildFile; fileRef = 22453F502EB554E80083F15B /* WeatherResponse.swift */; };
		22453F542EB561700083F15B /* AccessTokenManager.swift in Sources */ = {isa = PBXBuildFile; fileRef = 22453F532EB561700083F15B /* AccessTokenManager.swift */; };
		22453F572EB563A20083F15B /* KeychainSwift in Frameworks */ = {isa = PBXBuildFile; productRef = 22453F562EB563A20083F15B /* KeychainSwift */; };
		224DBD512F01973600B280C5 /* Dik_Voice.wav in Resources */ = {isa = PBXBuildFile; fileRef = 224DBD502F01973600B280C5 /* Dik_Voice.wav */; };
		224DBD532F01AF2100B280C5 /* Battleship_alarm.wav in Resources */ = {isa = PBXBuildFile; fileRef = 224DBD522F01AF2100B280C5 /* Battleship_alarm.wav */; };
		224DBD552F01B7DF00B280C5 /* WeatherCacheManager.swift in Sources */ = {isa = PBXBuildFile; fileRef = 224DBD542F01B7DF00B280C5 /* WeatherCacheManager.swift */; };
		22575C612ECB20B7001D40BE /* GeneralDetails.swift in Sources */ = {isa = PBXBuildFile; fileRef = 22575C602ECB20B7001D40BE /* GeneralDetails.swift */; };
		22575C642ECB4679001D40BE /* Kingfisher in Frameworks */ = {isa = PBXBuildFile; productRef = 22575C632ECB4679001D40BE /* Kingfisher */; };
		227F9A6E2ECAFC3500322A25 /* Swinject in Frameworks */ = {isa = PBXBuildFile; productRef = 227F9A6D2ECAFC3500322A25 /* Swinject */; };
		227F9A712ECAFC7F00322A25 /* AppAssembly.swift in Sources */ = {isa = PBXBuildFile; fileRef = 227F9A702ECAFC7F00322A25 /* AppAssembly.swift */; };
		228AF8702ECF37640019C476 /* NextFiveDays.swift in Sources */ = {isa = PBXBuildFile; fileRef = 228AF86F2ECF37640019C476 /* NextFiveDays.swift */; };
		229B26532EE4A33700A5CC9E /* LocalDataSource.swift in Sources */ = {isa = PBXBuildFile; fileRef = 229B26522EE4A33700A5CC9E /* LocalDataSource.swift */; };
		229B26552EE4A38A00A5CC9E /* LocalDataSourceImpl.swift in Sources */ = {isa = PBXBuildFile; fileRef = 229B26542EE4A38A00A5CC9E /* LocalDataSourceImpl.swift */; };
		22ADC3072ED5EE6600C4DE3D /* CircleLoading.swift in Sources */ = {isa = PBXBuildFile; fileRef = 22ADC3062ED5EE6600C4DE3D /* CircleLoading.swift */; };
		22ADC30A2ED638BE00C4DE3D /* FavoritesViewModel.swift in Sources */ = {isa = PBXBuildFile; fileRef = 22ADC3092ED638BE00C4DE3D /* FavoritesViewModel.swift */; };
		22ADC30E2ED63EB400C4DE3D /* RowOfFavoritesList.swift in Sources */ = {isa = PBXBuildFile; fileRef = 22ADC30D2ED63EB400C4DE3D /* RowOfFavoritesList.swift */; };
		22ADC3102ED64C7900C4DE3D /* FavouritesModel.swift in Sources */ = {isa = PBXBuildFile; fileRef = 22ADC30F2ED64C7900C4DE3D /* FavouritesModel.swift */; };
		22C0F0212ED8433B00EEAA33 /* DataBaseManager.swift in Sources */ = {isa = PBXBuildFile; fileRef = 22C0F0202ED8433B00EEAA33 /* DataBaseManager.swift */; };
		22CA8AFB2EBA64D10083592E /* RemoteDataSourceImpl.swift in Sources */ = {isa = PBXBuildFile; fileRef = 22CA8AFA2EBA64D10083592E /* RemoteDataSourceImpl.swift */; };
		22CA8AFE2EBA65290083592E /* RemoteDataSource.swift in Sources */ = {isa = PBXBuildFile; fileRef = 22CA8AFD2EBA65290083592E /* RemoteDataSource.swift */; };
		22CA8B002EBA66700083592E /* WeatherCategory.swift in Sources */ = {isa = PBXBuildFile; fileRef = 22CA8AFF2EBA66700083592E /* WeatherCategory.swift */; };
		22CA8B022EBAAB580083592E /* RepositoryImpl.swift in Sources */ = {isa = PBXBuildFile; fileRef = 22CA8B012EBAAB580083592E /* RepositoryImpl.swift */; };
		22CA8B042EBAAB650083592E /* Repository.swift in Sources */ = {isa = PBXBuildFile; fileRef = 22CA8B032EBAAB650083592E /* Repository.swift */; };
		22CA8B082EBAAC6E0083592E /* UseCaseWeatherImpl.swift in Sources */ = {isa = PBXBuildFile; fileRef = 22CA8B072EBAAC6E0083592E /* UseCaseWeatherImpl.swift */; };
		22CA8B0A2EBAAC990083592E /* UseCaseWeather.swift in Sources */ = {isa = PBXBuildFile; fileRef = 22CA8B092EBAAC990083592E /* UseCaseWeather.swift */; };
		22CA8B0C2EBB06300083592E /* MapView.swift in Sources */ = {isa = PBXBuildFile; fileRef = 22CA8B0B2EBB06300083592E /* MapView.swift */; };
/* End PBXBuildFile section */

/* Begin PBXContainerItemProxy section */
		2205E9B12EA7E8050038A2A2 /* PBXContainerItemProxy */ = {
			isa = PBXContainerItemProxy;
			containerPortal = 2205E9932EA7E8010038A2A2 /* Project object */;
			proxyType = 1;
			remoteGlobalIDString = 2205E99A2EA7E8010038A2A2;
			remoteInfo = WeatherNews;
		};
		2205E9BB2EA7E8050038A2A2 /* PBXContainerItemProxy */ = {
			isa = PBXContainerItemProxy;
			containerPortal = 2205E9932EA7E8010038A2A2 /* Project object */;
			proxyType = 1;
			remoteGlobalIDString = 2205E99A2EA7E8010038A2A2;
			remoteInfo = WeatherNews;
		};
/* End PBXContainerItemProxy section */

/* Begin PBXFileReference section */
		2205E99B2EA7E8010038A2A2 /* WeatherNews.app */ = {isa = PBXFileReference; explicitFileType = wrapper.application; includeInIndex = 0; path = WeatherNews.app; sourceTree = BUILT_PRODUCTS_DIR; };
		2205E99E2EA7E8010038A2A2 /* WeatherNewsApp.swift */ = {isa = PBXFileReference; lastKnownFileType = sourcecode.swift; path = WeatherNewsApp.swift; sourceTree = "<group>"; };
		2205E9A02EA7E8010038A2A2 /* WeatherContainer.swift */ = {isa = PBXFileReference; lastKnownFileType = sourcecode.swift; path = WeatherContainer.swift; sourceTree = "<group>"; };
		2205E9A22EA7E8040038A2A2 /* Assets.xcassets */ = {isa = PBXFileReference; lastKnownFileType = folder.assetcatalog; path = Assets.xcassets; sourceTree = "<group>"; };
		2205E9A52EA7E8040038A2A2 /* Preview Assets.xcassets */ = {isa = PBXFileReference; lastKnownFileType = folder.assetcatalog; path = "Preview Assets.xcassets"; sourceTree = "<group>"; };
		2205E9A72EA7E8040038A2A2 /* Persistence.swift */ = {isa = PBXFileReference; lastKnownFileType = sourcecode.swift; path = Persistence.swift; sourceTree = "<group>"; };
		2205E9AA2EA7E8040038A2A2 /* WeatherNews.xcdatamodel */ = {isa = PBXFileReference; lastKnownFileType = wrapper.xcdatamodel; path = WeatherNews.xcdatamodel; sourceTree = "<group>"; };
		2205E9B02EA7E8050038A2A2 /* WeatherNewsTests.xctest */ = {isa = PBXFileReference; explicitFileType = wrapper.cfbundle; includeInIndex = 0; path = WeatherNewsTests.xctest; sourceTree = BUILT_PRODUCTS_DIR; };
		2205E9B42EA7E8050038A2A2 /* WeatherNewsTests.swift */ = {isa = PBXFileReference; lastKnownFileType = sourcecode.swift; path = WeatherNewsTests.swift; sourceTree = "<group>"; };
		2205E9BA2EA7E8050038A2A2 /* WeatherNewsUITests.xctest */ = {isa = PBXFileReference; explicitFileType = wrapper.cfbundle; includeInIndex = 0; path = WeatherNewsUITests.xctest; sourceTree = BUILT_PRODUCTS_DIR; };
		2205E9BE2EA7E8050038A2A2 /* WeatherNewsUITests.swift */ = {isa = PBXFileReference; lastKnownFileType = sourcecode.swift; path = WeatherNewsUITests.swift; sourceTree = "<group>"; };
		2205E9C02EA7E8050038A2A2 /* WeatherNewsUITestsLaunchTests.swift */ = {isa = PBXFileReference; lastKnownFileType = sourcecode.swift; path = WeatherNewsUITestsLaunchTests.swift; sourceTree = "<group>"; };
		2205E9CD2EA7F67F0038A2A2 /* SettingsView.swift */ = {isa = PBXFileReference; lastKnownFileType = sourcecode.swift; path = SettingsView.swift; sourceTree = "<group>"; };
		2205E9CF2EA7FA310038A2A2 /* HomeView.swift */ = {isa = PBXFileReference; lastKnownFileType = sourcecode.swift; path = HomeView.swift; sourceTree = "<group>"; };
		2205E9D22EA7FF590038A2A2 /* Alerts.swift */ = {isa = PBXFileReference; lastKnownFileType = sourcecode.swift; path = Alerts.swift; sourceTree = "<group>"; };
		2205E9D42EA8003D0038A2A2 /* Favorites.swift */ = {isa = PBXFileReference; lastKnownFileType = sourcecode.swift; path = Favorites.swift; sourceTree = "<group>"; };
		2205E9D72EA828F40038A2A2 /* HexColor.swift */ = {isa = PBXFileReference; lastKnownFileType = sourcecode.swift; path = HexColor.swift; sourceTree = "<group>"; };
		2216926B2EF1BD7700D6C2B4 /* AlertManager.swift */ = {isa = PBXFileReference; lastKnownFileType = sourcecode.swift; path = AlertManager.swift; sourceTree = "<group>"; };
		2216926E2EF1D45600D6C2B4 /* AlertsViewModel.swift */ = {isa = PBXFileReference; lastKnownFileType = sourcecode.swift; path = AlertsViewModel.swift; sourceTree = "<group>"; };
		221A34282ED0CC01008B40FF /* FAB.swift */ = {isa = PBXFileReference; lastKnownFileType = sourcecode.swift; path = FAB.swift; sourceTree = "<group>"; };
		2229CF682EF8C67500526158 /* LocationService.swift */ = {isa = PBXFileReference; lastKnownFileType = sourcecode.swift; path = LocationService.swift; sourceTree = "<group>"; };
		222C247C2EF1E10000E84B22 /* AddAlertView.swift */ = {isa = PBXFileReference; lastKnownFileType = sourcecode.swift; path = AddAlertView.swift; sourceTree = "<group>"; };
		22363F1D2ECED396008765E7 /* HourlyDetails.swift */ = {isa = PBXFileReference; lastKnownFileType = sourcecode.swift; path = HourlyDetails.swift; sourceTree = "<group>"; };
		223930D02EB641670004DD19 /* WeatherApiService.swift */ = {isa = PBXFileReference; lastKnownFileType = sourcecode.swift; path = WeatherApiService.swift; sourceTree = "<group>"; };
		2244153B2EF0816D00004DB1 /* WeatherDetails.swift */ = {isa = PBXFileReference; lastKnownFileType = sourcecode.swift; path = WeatherDetails.swift; sourceTree = "<group>"; };
		22453F4C2EB4EC8C0083F15B /* HomeViewModel.swift */ = {isa = PBXFileReference; lastKnownFileType = sourcecode.swift; path = HomeViewModel.swift; sourceTree = "<group>"; };
		22453F502EB554E80083F15B /* WeatherResponse.swift */ = {isa = PBXFileReference; lastKnownFileType = sourcecode.swift; path = WeatherResponse.swift; sourceTree = "<group>"; };
		22453F532EB561700083F15B /* AccessTokenManager.swift */ = {isa = PBXFileReference; lastKnownFileType = sourcecode.swift; path = AccessTokenManager.swift; sourceTree = "<group>"; };
		224DBD502F01973600B280C5 /* Dik_Voice.wav */ = {isa = PBXFileReference; lastKnownFileType = audio.wav; path = Dik_Voice.wav; sourceTree = "<group>"; };
		224DBD522F01AF2100B280C5 /* Battleship_alarm.wav */ = {isa = PBXFileReference; lastKnownFileType = audio.wav; path = Battleship_alarm.wav; sourceTree = "<group>"; };
		224DBD542F01B7DF00B280C5 /* WeatherCacheManager.swift */ = {isa = PBXFileReference; lastKnownFileType = sourcecode.swift; path = WeatherCacheManager.swift; sourceTree = "<group>"; };
		22575C602ECB20B7001D40BE /* GeneralDetails.swift */ = {isa = PBXFileReference; lastKnownFileType = sourcecode.swift; path = GeneralDetails.swift; sourceTree = "<group>"; };
		227F9A702ECAFC7F00322A25 /* AppAssembly.swift */ = {isa = PBXFileReference; lastKnownFileType = sourcecode.swift; path = AppAssembly.swift; sourceTree = "<group>"; };
		228AF86F2ECF37640019C476 /* NextFiveDays.swift */ = {isa = PBXFileReference; lastKnownFileType = sourcecode.swift; path = NextFiveDays.swift; sourceTree = "<group>"; };
		229B26522EE4A33700A5CC9E /* LocalDataSource.swift */ = {isa = PBXFileReference; lastKnownFileType = sourcecode.swift; path = LocalDataSource.swift; sourceTree = "<group>"; };
		229B26542EE4A38A00A5CC9E /* LocalDataSourceImpl.swift */ = {isa = PBXFileReference; lastKnownFileType = sourcecode.swift; path = LocalDataSourceImpl.swift; sourceTree = "<group>"; };
		22ADC3062ED5EE6600C4DE3D /* CircleLoading.swift */ = {isa = PBXFileReference; lastKnownFileType = sourcecode.swift; path = CircleLoading.swift; sourceTree = "<group>"; };
		22ADC3092ED638BE00C4DE3D /* FavoritesViewModel.swift */ = {isa = PBXFileReference; lastKnownFileType = sourcecode.swift; path = FavoritesViewModel.swift; sourceTree = "<group>"; };
		22ADC30D2ED63EB400C4DE3D /* RowOfFavoritesList.swift */ = {isa = PBXFileReference; lastKnownFileType = sourcecode.swift; path = RowOfFavoritesList.swift; sourceTree = "<group>"; };
		22ADC30F2ED64C7900C4DE3D /* FavouritesModel.swift */ = {isa = PBXFileReference; lastKnownFileType = sourcecode.swift; path = FavouritesModel.swift; sourceTree = "<group>"; };
		22C0F0202ED8433B00EEAA33 /* DataBaseManager.swift */ = {isa = PBXFileReference; lastKnownFileType = sourcecode.swift; path = DataBaseManager.swift; sourceTree = "<group>"; };
		22CA8AFA2EBA64D10083592E /* RemoteDataSourceImpl.swift */ = {isa = PBXFileReference; lastKnownFileType = sourcecode.swift; path = RemoteDataSourceImpl.swift; sourceTree = "<group>"; };
		22CA8AFD2EBA65290083592E /* RemoteDataSource.swift */ = {isa = PBXFileReference; lastKnownFileType = sourcecode.swift; path = RemoteDataSource.swift; sourceTree = "<group>"; };
		22CA8AFF2EBA66700083592E /* WeatherCategory.swift */ = {isa = PBXFileReference; lastKnownFileType = sourcecode.swift; path = WeatherCategory.swift; sourceTree = "<group>"; };
		22CA8B012EBAAB580083592E /* RepositoryImpl.swift */ = {isa = PBXFileReference; lastKnownFileType = sourcecode.swift; path = RepositoryImpl.swift; sourceTree = "<group>"; };
		22CA8B032EBAAB650083592E /* Repository.swift */ = {isa = PBXFileReference; lastKnownFileType = sourcecode.swift; path = Repository.swift; sourceTree = "<group>"; };
		22CA8B072EBAAC6E0083592E /* UseCaseWeatherImpl.swift */ = {isa = PBXFileReference; lastKnownFileType = sourcecode.swift; path = UseCaseWeatherImpl.swift; sourceTree = "<group>"; };
		22CA8B092EBAAC990083592E /* UseCaseWeather.swift */ = {isa = PBXFileReference; lastKnownFileType = sourcecode.swift; path = UseCaseWeather.swift; sourceTree = "<group>"; };
		22CA8B0B2EBB06300083592E /* MapView.swift */ = {isa = PBXFileReference; lastKnownFileType = sourcecode.swift; path = MapView.swift; sourceTree = "<group>"; };
/* End PBXFileReference section */

/* Begin PBXFrameworksBuildPhase section */
		2205E9982EA7E8010038A2A2 /* Frameworks */ = {
			isa = PBXFrameworksBuildPhase;
			buildActionMask = 2147483647;
			files = (
				22575C642ECB4679001D40BE /* Kingfisher in Frameworks */,
				22453F572EB563A20083F15B /* KeychainSwift in Frameworks */,
				227F9A6E2ECAFC3500322A25 /* Swinject in Frameworks */,
			);
			runOnlyForDeploymentPostprocessing = 0;
		};
		2205E9AD2EA7E8050038A2A2 /* Frameworks */ = {
			isa = PBXFrameworksBuildPhase;
			buildActionMask = 2147483647;
			files = (
			);
			runOnlyForDeploymentPostprocessing = 0;
		};
		2205E9B72EA7E8050038A2A2 /* Frameworks */ = {
			isa = PBXFrameworksBuildPhase;
			buildActionMask = 2147483647;
			files = (
			);
			runOnlyForDeploymentPostprocessing = 0;
		};
/* End PBXFrameworksBuildPhase section */

/* Begin PBXGroup section */
		2205E9922EA7E8010038A2A2 = {
			isa = PBXGroup;
			children = (
				2205E99D2EA7E8010038A2A2 /* WeatherNews */,
				2205E9B32EA7E8050038A2A2 /* WeatherNewsTests */,
				2205E9BD2EA7E8050038A2A2 /* WeatherNewsUITests */,
				2205E99C2EA7E8010038A2A2 /* Products */,
			);
			sourceTree = "<group>";
		};
		2205E99C2EA7E8010038A2A2 /* Products */ = {
			isa = PBXGroup;
			children = (
				2205E99B2EA7E8010038A2A2 /* WeatherNews.app */,
				2205E9B02EA7E8050038A2A2 /* WeatherNewsTests.xctest */,
				2205E9BA2EA7E8050038A2A2 /* WeatherNewsUITests.xctest */,
			);
			name = Products;
			sourceTree = "<group>";
		};
		2205E99D2EA7E8010038A2A2 /* WeatherNews */ = {
			isa = PBXGroup;
			children = (
				224DBD4E2F0196EC00B280C5 /* Resources */,
				227F9A6F2ECAFC5F00322A25 /* DI Container */,
				22CA8B052EBAAC2D0083592E /* DominLayer */,
				22CA8AF42EBA64090083592E /* DataLayer */,
				22286F992EA97F9000B11B9C /* PresentationLayer */,
				2205E9D62EA828D40038A2A2 /* Units */,
				2205E99E2EA7E8010038A2A2 /* WeatherNewsApp.swift */,
				2205E9A02EA7E8010038A2A2 /* WeatherContainer.swift */,
				2205E9A22EA7E8040038A2A2 /* Assets.xcassets */,
				2205E9A72EA7E8040038A2A2 /* Persistence.swift */,
				2205E9A42EA7E8040038A2A2 /* Preview Content */,
			);
			path = WeatherNews;
			sourceTree = "<group>";
		};
		2205E9A42EA7E8040038A2A2 /* Preview Content */ = {
			isa = PBXGroup;
			children = (
				2205E9A52EA7E8040038A2A2 /* Preview Assets.xcassets */,
			);
			path = "Preview Content";
			sourceTree = "<group>";
		};
		2205E9B32EA7E8050038A2A2 /* WeatherNewsTests */ = {
			isa = PBXGroup;
			children = (
				2205E9B42EA7E8050038A2A2 /* WeatherNewsTests.swift */,
			);
			path = WeatherNewsTests;
			sourceTree = "<group>";
		};
		2205E9BD2EA7E8050038A2A2 /* WeatherNewsUITests */ = {
			isa = PBXGroup;
			children = (
				2205E9BE2EA7E8050038A2A2 /* WeatherNewsUITests.swift */,
				2205E9C02EA7E8050038A2A2 /* WeatherNewsUITestsLaunchTests.swift */,
			);
			path = WeatherNewsUITests;
			sourceTree = "<group>";
		};
		2205E9D12EA7FE430038A2A2 /* MapView */ = {
			isa = PBXGroup;
			children = (
				22CA8B0B2EBB06300083592E /* MapView.swift */,
			);
			path = MapView;
			sourceTree = "<group>";
		};
		2205E9D62EA828D40038A2A2 /* Units */ = {
			isa = PBXGroup;
			children = (
				22453F522EB5615D0083F15B /* Config */,
				2205E9D72EA828F40038A2A2 /* HexColor.swift */,
			);
			path = Units;
			sourceTree = "<group>";
		};
		2216926A2EF1BD4A00D6C2B4 /* AlertManager */ = {
			isa = PBXGroup;
			children = (
				2216926B2EF1BD7700D6C2B4 /* AlertManager.swift */,
			);
			path = AlertManager;
			sourceTree = "<group>";
		};
		2216926D2EF1D43A00D6C2B4 /* Alerts */ = {
			isa = PBXGroup;
			children = (
				221692712EF1D47C00D6C2B4 /* ViewModel */,
				221692702EF1D47200D6C2B4 /* Views */,
			);
			path = Alerts;
			sourceTree = "<group>";
		};
		221692702EF1D47200D6C2B4 /* Views */ = {
			isa = PBXGroup;
			children = (
				2205E9D22EA7FF590038A2A2 /* Alerts.swift */,
				222C247C2EF1E10000E84B22 /* AddAlertView.swift */,
			);
			path = Views;
			sourceTree = "<group>";
		};
		221692712EF1D47C00D6C2B4 /* ViewModel */ = {
			isa = PBXGroup;
			children = (
				2216926E2EF1D45600D6C2B4 /* AlertsViewModel.swift */,
			);
			path = ViewModel;
			sourceTree = "<group>";
		};
		221A34262ED0CB3F008B40FF /* Favorites */ = {
			isa = PBXGroup;
			children = (
				22ADC3082ED638B100C4DE3D /* ViewModel */,
				221A34272ED0CBDD008B40FF /* Views */,
			);
			path = Favorites;
			sourceTree = "<group>";
		};
		221A34272ED0CBDD008B40FF /* Views */ = {
			isa = PBXGroup;
			children = (
				2205E9D42EA8003D0038A2A2 /* Favorites.swift */,
				221A34282ED0CC01008B40FF /* FAB.swift */,
				22ADC30D2ED63EB400C4DE3D /* RowOfFavoritesList.swift */,
			);
			path = Views;
			sourceTree = "<group>";
		};
		22286F992EA97F9000B11B9C /* PresentationLayer */ = {
			isa = PBXGroup;
			children = (
				2205E9D12EA7FE430038A2A2 /* MapView */,
				2216926D2EF1D43A00D6C2B4 /* Alerts */,
				221A34262ED0CB3F008B40FF /* Favorites */,
				22453F482EB4EC470083F15B /* HomeView */,
				22286F9A2EA97FE400B11B9C /* Settings */,
			);
			path = PresentationLayer;
			sourceTree = "<group>";
		};
		22286F9A2EA97FE400B11B9C /* Settings */ = {
			isa = PBXGroup;
			children = (
				22286F9C2EA9800C00B11B9C /* Views */,
			);
			path = Settings;
			sourceTree = "<group>";
		};
		22286F9C2EA9800C00B11B9C /* Views */ = {
			isa = PBXGroup;
			children = (
				2205E9CD2EA7F67F0038A2A2 /* SettingsView.swift */,
			);
			path = Views;
			sourceTree = "<group>";
		};
		2229CF672EF8C66100526158 /* LocationService */ = {
			isa = PBXGroup;
			children = (
				2229CF682EF8C67500526158 /* LocationService.swift */,
			);
			path = LocationService;
			sourceTree = "<group>";
		};
		22453F482EB4EC470083F15B /* HomeView */ = {
			isa = PBXGroup;
			children = (
				22453F4E2EB4EC950083F15B /* ViewModel */,
				22453F4B2EB4EC750083F15B /* Views */,
			);
			path = HomeView;
			sourceTree = "<group>";
		};
		22453F4B2EB4EC750083F15B /* Views */ = {
			isa = PBXGroup;
			children = (
				2205E9CF2EA7FA310038A2A2 /* HomeView.swift */,
				22575C602ECB20B7001D40BE /* GeneralDetails.swift */,
				22363F1D2ECED396008765E7 /* HourlyDetails.swift */,
				228AF86F2ECF37640019C476 /* NextFiveDays.swift */,
				22ADC3062ED5EE6600C4DE3D /* CircleLoading.swift */,
				2244153B2EF0816D00004DB1 /* WeatherDetails.swift */,
			);
			path = Views;
			sourceTree = "<group>";
		};
		22453F4E2EB4EC950083F15B /* ViewModel */ = {
			isa = PBXGroup;
			children = (
				22453F4C2EB4EC8C0083F15B /* HomeViewModel.swift */,
			);
			path = ViewModel;
			sourceTree = "<group>";
		};
		22453F4F2EB554BD0083F15B /* Model */ = {
			isa = PBXGroup;
			children = (
				22453F502EB554E80083F15B /* WeatherResponse.swift */,
				22ADC30F2ED64C7900C4DE3D /* FavouritesModel.swift */,
			);
			path = Model;
			sourceTree = "<group>";
		};
		22453F522EB5615D0083F15B /* Config */ = {
			isa = PBXGroup;
			children = (
				22453F532EB561700083F15B /* AccessTokenManager.swift */,
			);
			path = Config;
			sourceTree = "<group>";
		};
		224DBD4E2F0196EC00B280C5 /* Resources */ = {
			isa = PBXGroup;
			children = (
				224DBD4F2F0196F500B280C5 /* Sounds */,
			);
			path = Resources;
			sourceTree = "<group>";
		};
		224DBD4F2F0196F500B280C5 /* Sounds */ = {
			isa = PBXGroup;
			children = (
				224DBD502F01973600B280C5 /* Dik_Voice.wav */,
				224DBD522F01AF2100B280C5 /* Battleship_alarm.wav */,
			);
			path = Sounds;
			sourceTree = "<group>";
		};
		227F9A6F2ECAFC5F00322A25 /* DI Container */ = {
			isa = PBXGroup;
			children = (
				227F9A702ECAFC7F00322A25 /* AppAssembly.swift */,
			);
			path = "DI Container";
			sourceTree = "<group>";
		};
		22ADC3082ED638B100C4DE3D /* ViewModel */ = {
			isa = PBXGroup;
			children = (
				22ADC3092ED638BE00C4DE3D /* FavoritesViewModel.swift */,
			);
			path = ViewModel;
			sourceTree = "<group>";
		};
		22CA8AF42EBA64090083592E /* DataLayer */ = {
			isa = PBXGroup;
			children = (
				2229CF672EF8C66100526158 /* LocationService */,
				2216926A2EF1BD4A00D6C2B4 /* AlertManager */,
				22CA8AF92EBA644C0083592E /* Network */,
				22CA8AF82EBA64430083592E /* Repository */,
				22CA8AF72EBA643A0083592E /* RemoteDataSource */,
				22CA8AF62EBA642C0083592E /* Database */,
				22CA8AF52EBA64230083592E /* LocalDataSource */,
			);
			path = DataLayer;
			sourceTree = "<group>";
		};
		22CA8AF52EBA64230083592E /* LocalDataSource */ = {
			isa = PBXGroup;
			children = (
				229B26522EE4A33700A5CC9E /* LocalDataSource.swift */,
				229B26542EE4A38A00A5CC9E /* LocalDataSourceImpl.swift */,
			);
			path = LocalDataSource;
			sourceTree = "<group>";
		};
		22CA8AF62EBA642C0083592E /* Database */ = {
			isa = PBXGroup;
			children = (
				2205E9A92EA7E8040038A2A2 /* WeatherEntity.xcdatamodeld */,
				22C0F0202ED8433B00EEAA33 /* DataBaseManager.swift */,
				224DBD542F01B7DF00B280C5 /* WeatherCacheManager.swift */,
			);
			path = Database;
			sourceTree = "<group>";
		};
		22CA8AF72EBA643A0083592E /* RemoteDataSource */ = {
			isa = PBXGroup;
			children = (
				22CA8AFA2EBA64D10083592E /* RemoteDataSourceImpl.swift */,
				22CA8AFD2EBA65290083592E /* RemoteDataSource.swift */,
			);
			path = RemoteDataSource;
			sourceTree = "<group>";
		};
		22CA8AF82EBA64430083592E /* Repository */ = {
			isa = PBXGroup;
			children = (
				22CA8B012EBAAB580083592E /* RepositoryImpl.swift */,
				22CA8B032EBAAB650083592E /* Repository.swift */,
			);
			path = Repository;
			sourceTree = "<group>";
		};
		22CA8AF92EBA644C0083592E /* Network */ = {
			isa = PBXGroup;
			children = (
				223930D02EB641670004DD19 /* WeatherApiService.swift */,
				22CA8AFF2EBA66700083592E /* WeatherCategory.swift */,
			);
			path = Network;
			sourceTree = "<group>";
		};
		22CA8B052EBAAC2D0083592E /* DominLayer */ = {
			isa = PBXGroup;
			children = (
				22CA8B062EBAAC370083592E /* UseCases */,
				22453F4F2EB554BD0083F15B /* Model */,
			);
			path = DominLayer;
			sourceTree = "<group>";
		};
		22CA8B062EBAAC370083592E /* UseCases */ = {
			isa = PBXGroup;
			children = (
				22CA8B072EBAAC6E0083592E /* UseCaseWeatherImpl.swift */,
				22CA8B092EBAAC990083592E /* UseCaseWeather.swift */,
			);
			path = UseCases;
			sourceTree = "<group>";
		};
/* End PBXGroup section */

/* Begin PBXNativeTarget section */
		2205E99A2EA7E8010038A2A2 /* WeatherNews */ = {
			isa = PBXNativeTarget;
			buildConfigurationList = 2205E9C42EA7E8050038A2A2 /* Build configuration list for PBXNativeTarget "WeatherNews" */;
			buildPhases = (
				2205E9972EA7E8010038A2A2 /* Sources */,
				2205E9982EA7E8010038A2A2 /* Frameworks */,
				2205E9992EA7E8010038A2A2 /* Resources */,
			);
			buildRules = (
			);
			dependencies = (
			);
			name = WeatherNews;
			packageProductDependencies = (
				22453F562EB563A20083F15B /* KeychainSwift */,
				227F9A6D2ECAFC3500322A25 /* Swinject */,
				22575C632ECB4679001D40BE /* Kingfisher */,
			);
			productName = WeatherNews;
			productReference = 2205E99B2EA7E8010038A2A2 /* WeatherNews.app */;
			productType = "com.apple.product-type.application";
		};
		2205E9AF2EA7E8050038A2A2 /* WeatherNewsTests */ = {
			isa = PBXNativeTarget;
			buildConfigurationList = 2205E9C72EA7E8050038A2A2 /* Build configuration list for PBXNativeTarget "WeatherNewsTests" */;
			buildPhases = (
				2205E9AC2EA7E8050038A2A2 /* Sources */,
				2205E9AD2EA7E8050038A2A2 /* Frameworks */,
				2205E9AE2EA7E8050038A2A2 /* Resources */,
			);
			buildRules = (
			);
			dependencies = (
				2205E9B22EA7E8050038A2A2 /* PBXTargetDependency */,
			);
			name = WeatherNewsTests;
			productName = WeatherNewsTests;
			productReference = 2205E9B02EA7E8050038A2A2 /* WeatherNewsTests.xctest */;
			productType = "com.apple.product-type.bundle.unit-test";
		};
		2205E9B92EA7E8050038A2A2 /* WeatherNewsUITests */ = {
			isa = PBXNativeTarget;
			buildConfigurationList = 2205E9CA2EA7E8050038A2A2 /* Build configuration list for PBXNativeTarget "WeatherNewsUITests" */;
			buildPhases = (
				2205E9B62EA7E8050038A2A2 /* Sources */,
				2205E9B72EA7E8050038A2A2 /* Frameworks */,
				2205E9B82EA7E8050038A2A2 /* Resources */,
			);
			buildRules = (
			);
			dependencies = (
				2205E9BC2EA7E8050038A2A2 /* PBXTargetDependency */,
			);
			name = WeatherNewsUITests;
			productName = WeatherNewsUITests;
			productReference = 2205E9BA2EA7E8050038A2A2 /* WeatherNewsUITests.xctest */;
			productType = "com.apple.product-type.bundle.ui-testing";
		};
/* End PBXNativeTarget section */

/* Begin PBXProject section */
		2205E9932EA7E8010038A2A2 /* Project object */ = {
			isa = PBXProject;
			attributes = {
				BuildIndependentTargetsInParallel = 1;
				LastSwiftUpdateCheck = 1520;
				LastUpgradeCheck = 1520;
				TargetAttributes = {
					2205E99A2EA7E8010038A2A2 = {
						CreatedOnToolsVersion = 15.2;
					};
					2205E9AF2EA7E8050038A2A2 = {
						CreatedOnToolsVersion = 15.2;
						TestTargetID = 2205E99A2EA7E8010038A2A2;
					};
					2205E9B92EA7E8050038A2A2 = {
						CreatedOnToolsVersion = 15.2;
						TestTargetID = 2205E99A2EA7E8010038A2A2;
					};
				};
			};
			buildConfigurationList = 2205E9962EA7E8010038A2A2 /* Build configuration list for PBXProject "WeatherNews" */;
			compatibilityVersion = "Xcode 14.0";
			developmentRegion = en;
			hasScannedForEncodings = 0;
			knownRegions = (
				en,
				Base,
			);
			mainGroup = 2205E9922EA7E8010038A2A2;
			packageReferences = (
				22453F552EB563A10083F15B /* XCRemoteSwiftPackageReference "keychain-swift" */,
				227F9A6C2ECAFC3500322A25 /* XCRemoteSwiftPackageReference "Swinject" */,
				22575C622ECB4679001D40BE /* XCRemoteSwiftPackageReference "Kingfisher" */,
			);
			productRefGroup = 2205E99C2EA7E8010038A2A2 /* Products */;
			projectDirPath = "";
			projectRoot = "";
			targets = (
				2205E99A2EA7E8010038A2A2 /* WeatherNews */,
				2205E9AF2EA7E8050038A2A2 /* WeatherNewsTests */,
				2205E9B92EA7E8050038A2A2 /* WeatherNewsUITests */,
			);
		};
/* End PBXProject section */

/* Begin PBXResourcesBuildPhase section */
		2205E9992EA7E8010038A2A2 /* Resources */ = {
			isa = PBXResourcesBuildPhase;
			buildActionMask = 2147483647;
			files = (
				224DBD532F01AF2100B280C5 /* Battleship_alarm.wav in Resources */,
				2205E9A62EA7E8040038A2A2 /* Preview Assets.xcassets in Resources */,
				224DBD512F01973600B280C5 /* Dik_Voice.wav in Resources */,
				2205E9A32EA7E8040038A2A2 /* Assets.xcassets in Resources */,
			);
			runOnlyForDeploymentPostprocessing = 0;
		};
		2205E9AE2EA7E8050038A2A2 /* Resources */ = {
			isa = PBXResourcesBuildPhase;
			buildActionMask = 2147483647;
			files = (
			);
			runOnlyForDeploymentPostprocessing = 0;
		};
		2205E9B82EA7E8050038A2A2 /* Resources */ = {
			isa = PBXResourcesBuildPhase;
			buildActionMask = 2147483647;
			files = (
			);
			runOnlyForDeploymentPostprocessing = 0;
		};
/* End PBXResourcesBuildPhase section */

/* Begin PBXSourcesBuildPhase section */
		2205E9972EA7E8010038A2A2 /* Sources */ = {
			isa = PBXSourcesBuildPhase;
			buildActionMask = 2147483647;
			files = (
				222C247D2EF1E10000E84B22 /* AddAlertView.swift in Sources */,
				2205E9A82EA7E8040038A2A2 /* Persistence.swift in Sources */,
				22453F512EB554E80083F15B /* WeatherResponse.swift in Sources */,
				22CA8B002EBA66700083592E /* WeatherCategory.swift in Sources */,
				2244153C2EF0816D00004DB1 /* WeatherDetails.swift in Sources */,
				22575C612ECB20B7001D40BE /* GeneralDetails.swift in Sources */,
				2229CF692EF8C67500526158 /* LocationService.swift in Sources */,
				22CA8B0C2EBB06300083592E /* MapView.swift in Sources */,
				2205E9AB2EA7E8040038A2A2 /* WeatherEntity.xcdatamodeld in Sources */,
				2205E9A12EA7E8010038A2A2 /* WeatherContainer.swift in Sources */,
				221A34292ED0CC01008B40FF /* FAB.swift in Sources */,
				229B26532EE4A33700A5CC9E /* LocalDataSource.swift in Sources */,
				22C0F0212ED8433B00EEAA33 /* DataBaseManager.swift in Sources */,
				2205E99F2EA7E8010038A2A2 /* WeatherNewsApp.swift in Sources */,
				2216926C2EF1BD7700D6C2B4 /* AlertManager.swift in Sources */,
				22ADC30A2ED638BE00C4DE3D /* FavoritesViewModel.swift in Sources */,
				22ADC3072ED5EE6600C4DE3D /* CircleLoading.swift in Sources */,
				22CA8B082EBAAC6E0083592E /* UseCaseWeatherImpl.swift in Sources */,
				22ADC30E2ED63EB400C4DE3D /* RowOfFavoritesList.swift in Sources */,
				22CA8AFB2EBA64D10083592E /* RemoteDataSourceImpl.swift in Sources */,
				2205E9D02EA7FA320038A2A2 /* HomeView.swift in Sources */,
				229B26552EE4A38A00A5CC9E /* LocalDataSourceImpl.swift in Sources */,
				22363F1E2ECED396008765E7 /* HourlyDetails.swift in Sources */,
				227F9A712ECAFC7F00322A25 /* AppAssembly.swift in Sources */,
				223930D12EB641670004DD19 /* WeatherApiService.swift in Sources */,
				2216926F2EF1D45600D6C2B4 /* AlertsViewModel.swift in Sources */,
				22CA8B0A2EBAAC990083592E /* UseCaseWeather.swift in Sources */,
				22ADC3102ED64C7900C4DE3D /* FavouritesModel.swift in Sources */,
				224DBD552F01B7DF00B280C5 /* WeatherCacheManager.swift in Sources */,
				22CA8AFE2EBA65290083592E /* RemoteDataSource.swift in Sources */,
				22CA8B042EBAAB650083592E /* Repository.swift in Sources */,
				22453F4D2EB4EC8C0083F15B /* HomeViewModel.swift in Sources */,
				22453F542EB561700083F15B /* AccessTokenManager.swift in Sources */,
				2205E9D52EA8003D0038A2A2 /* Favorites.swift in Sources */,
				2205E9D32EA7FF590038A2A2 /* Alerts.swift in Sources */,
				22CA8B022EBAAB580083592E /* RepositoryImpl.swift in Sources */,
				2205E9CE2EA7F67F0038A2A2 /* SettingsView.swift in Sources */,
				2205E9D82EA828F40038A2A2 /* HexColor.swift in Sources */,
				228AF8702ECF37640019C476 /* NextFiveDays.swift in Sources */,
			);
			runOnlyForDeploymentPostprocessing = 0;
		};
		2205E9AC2EA7E8050038A2A2 /* Sources */ = {
			isa = PBXSourcesBuildPhase;
			buildActionMask = 2147483647;
			files = (
				2205E9B52EA7E8050038A2A2 /* WeatherNewsTests.swift in Sources */,
			);
			runOnlyForDeploymentPostprocessing = 0;
		};
		2205E9B62EA7E8050038A2A2 /* Sources */ = {
			isa = PBXSourcesBuildPhase;
			buildActionMask = 2147483647;
			files = (
				2205E9C12EA7E8050038A2A2 /* WeatherNewsUITestsLaunchTests.swift in Sources */,
				2205E9BF2EA7E8050038A2A2 /* WeatherNewsUITests.swift in Sources */,
			);
			runOnlyForDeploymentPostprocessing = 0;
		};
/* End PBXSourcesBuildPhase section */

/* Begin PBXTargetDependency section */
		2205E9B22EA7E8050038A2A2 /* PBXTargetDependency */ = {
			isa = PBXTargetDependency;
			target = 2205E99A2EA7E8010038A2A2 /* WeatherNews */;
			targetProxy = 2205E9B12EA7E8050038A2A2 /* PBXContainerItemProxy */;
		};
		2205E9BC2EA7E8050038A2A2 /* PBXTargetDependency */ = {
			isa = PBXTargetDependency;
			target = 2205E99A2EA7E8010038A2A2 /* WeatherNews */;
			targetProxy = 2205E9BB2EA7E8050038A2A2 /* PBXContainerItemProxy */;
		};
/* End PBXTargetDependency section */

/* Begin XCBuildConfiguration section */
		2205E9C22EA7E8050038A2A2 /* Debug */ = {
			isa = XCBuildConfiguration;
			buildSettings = {
				ALWAYS_SEARCH_USER_PATHS = NO;
				ASSETCATALOG_COMPILER_GENERATE_SWIFT_ASSET_SYMBOL_EXTENSIONS = YES;
				CLANG_ANALYZER_NONNULL = YES;
				CLANG_ANALYZER_NUMBER_OBJECT_CONVERSION = YES_AGGRESSIVE;
				CLANG_CXX_LANGUAGE_STANDARD = "gnu++20";
				CLANG_ENABLE_MODULES = YES;
				CLANG_ENABLE_OBJC_ARC = YES;
				CLANG_ENABLE_OBJC_WEAK = YES;
				CLANG_WARN_BLOCK_CAPTURE_AUTORELEASING = YES;
				CLANG_WARN_BOOL_CONVERSION = YES;
				CLANG_WARN_COMMA = YES;
				CLANG_WARN_CONSTANT_CONVERSION = YES;
				CLANG_WARN_DEPRECATED_OBJC_IMPLEMENTATIONS = YES;
				CLANG_WARN_DIRECT_OBJC_ISA_USAGE = YES_ERROR;
				CLANG_WARN_DOCUMENTATION_COMMENTS = YES;
				CLANG_WARN_EMPTY_BODY = YES;
				CLANG_WARN_ENUM_CONVERSION = YES;
				CLANG_WARN_INFINITE_RECURSION = YES;
				CLANG_WARN_INT_CONVERSION = YES;
				CLANG_WARN_NON_LITERAL_NULL_CONVERSION = YES;
				CLANG_WARN_OBJC_IMPLICIT_RETAIN_SELF = YES;
				CLANG_WARN_OBJC_LITERAL_CONVERSION = YES;
				CLANG_WARN_OBJC_ROOT_CLASS = YES_ERROR;
				CLANG_WARN_QUOTED_INCLUDE_IN_FRAMEWORK_HEADER = YES;
				CLANG_WARN_RANGE_LOOP_ANALYSIS = YES;
				CLANG_WARN_STRICT_PROTOTYPES = YES;
				CLANG_WARN_SUSPICIOUS_MOVE = YES;
				CLANG_WARN_UNGUARDED_AVAILABILITY = YES_AGGRESSIVE;
				CLANG_WARN_UNREACHABLE_CODE = YES;
				CLANG_WARN__DUPLICATE_METHOD_MATCH = YES;
				COPY_PHASE_STRIP = NO;
				DEBUG_INFORMATION_FORMAT = dwarf;
				ENABLE_STRICT_OBJC_MSGSEND = YES;
				ENABLE_TESTABILITY = YES;
				ENABLE_USER_SCRIPT_SANDBOXING = YES;
				GCC_C_LANGUAGE_STANDARD = gnu17;
				GCC_DYNAMIC_NO_PIC = NO;
				GCC_NO_COMMON_BLOCKS = YES;
				GCC_OPTIMIZATION_LEVEL = 0;
				GCC_PREPROCESSOR_DEFINITIONS = (
					"DEBUG=1",
					"$(inherited)",
				);
				GCC_WARN_64_TO_32_BIT_CONVERSION = YES;
				GCC_WARN_ABOUT_RETURN_TYPE = YES_ERROR;
				GCC_WARN_UNDECLARED_SELECTOR = YES;
				GCC_WARN_UNINITIALIZED_AUTOS = YES_AGGRESSIVE;
				GCC_WARN_UNUSED_FUNCTION = YES;
				GCC_WARN_UNUSED_VARIABLE = YES;
				IPHONEOS_DEPLOYMENT_TARGET = 17.2;
				LOCALIZATION_PREFERS_STRING_CATALOGS = YES;
				MTL_ENABLE_DEBUG_INFO = INCLUDE_SOURCE;
				MTL_FAST_MATH = YES;
				ONLY_ACTIVE_ARCH = YES;
				SDKROOT = iphoneos;
				SWIFT_ACTIVE_COMPILATION_CONDITIONS = "DEBUG $(inherited)";
				SWIFT_OPTIMIZATION_LEVEL = "-Onone";
			};
			name = Debug;
		};
		2205E9C32EA7E8050038A2A2 /* Release */ = {
			isa = XCBuildConfiguration;
			buildSettings = {
				ALWAYS_SEARCH_USER_PATHS = NO;
				ASSETCATALOG_COMPILER_GENERATE_SWIFT_ASSET_SYMBOL_EXTENSIONS = YES;
				CLANG_ANALYZER_NONNULL = YES;
				CLANG_ANALYZER_NUMBER_OBJECT_CONVERSION = YES_AGGRESSIVE;
				CLANG_CXX_LANGUAGE_STANDARD = "gnu++20";
				CLANG_ENABLE_MODULES = YES;
				CLANG_ENABLE_OBJC_ARC = YES;
				CLANG_ENABLE_OBJC_WEAK = YES;
				CLANG_WARN_BLOCK_CAPTURE_AUTORELEASING = YES;
				CLANG_WARN_BOOL_CONVERSION = YES;
				CLANG_WARN_COMMA = YES;
				CLANG_WARN_CONSTANT_CONVERSION = YES;
				CLANG_WARN_DEPRECATED_OBJC_IMPLEMENTATIONS = YES;
				CLANG_WARN_DIRECT_OBJC_ISA_USAGE = YES_ERROR;
				CLANG_WARN_DOCUMENTATION_COMMENTS = YES;
				CLANG_WARN_EMPTY_BODY = YES;
				CLANG_WARN_ENUM_CONVERSION = YES;
				CLANG_WARN_INFINITE_RECURSION = YES;
				CLANG_WARN_INT_CONVERSION = YES;
				CLANG_WARN_NON_LITERAL_NULL_CONVERSION = YES;
				CLANG_WARN_OBJC_IMPLICIT_RETAIN_SELF = YES;
				CLANG_WARN_OBJC_LITERAL_CONVERSION = YES;
				CLANG_WARN_OBJC_ROOT_CLASS = YES_ERROR;
				CLANG_WARN_QUOTED_INCLUDE_IN_FRAMEWORK_HEADER = YES;
				CLANG_WARN_RANGE_LOOP_ANALYSIS = YES;
				CLANG_WARN_STRICT_PROTOTYPES = YES;
				CLANG_WARN_SUSPICIOUS_MOVE = YES;
				CLANG_WARN_UNGUARDED_AVAILABILITY = YES_AGGRESSIVE;
				CLANG_WARN_UNREACHABLE_CODE = YES;
				CLANG_WARN__DUPLICATE_METHOD_MATCH = YES;
				COPY_PHASE_STRIP = NO;
				DEBUG_INFORMATION_FORMAT = "dwarf-with-dsym";
				ENABLE_NS_ASSERTIONS = NO;
				ENABLE_STRICT_OBJC_MSGSEND = YES;
				ENABLE_USER_SCRIPT_SANDBOXING = YES;
				GCC_C_LANGUAGE_STANDARD = gnu17;
				GCC_NO_COMMON_BLOCKS = YES;
				GCC_WARN_64_TO_32_BIT_CONVERSION = YES;
				GCC_WARN_ABOUT_RETURN_TYPE = YES_ERROR;
				GCC_WARN_UNDECLARED_SELECTOR = YES;
				GCC_WARN_UNINITIALIZED_AUTOS = YES_AGGRESSIVE;
				GCC_WARN_UNUSED_FUNCTION = YES;
				GCC_WARN_UNUSED_VARIABLE = YES;
				IPHONEOS_DEPLOYMENT_TARGET = 17.2;
				LOCALIZATION_PREFERS_STRING_CATALOGS = YES;
				MTL_ENABLE_DEBUG_INFO = NO;
				MTL_FAST_MATH = YES;
				SDKROOT = iphoneos;
				SWIFT_COMPILATION_MODE = wholemodule;
				VALIDATE_PRODUCT = YES;
			};
			name = Release;
		};
		2205E9C52EA7E8050038A2A2 /* Debug */ = {
			isa = XCBuildConfiguration;
			buildSettings = {
				ASSETCATALOG_COMPILER_APPICON_NAME = AppIcon;
				ASSETCATALOG_COMPILER_GLOBAL_ACCENT_COLOR_NAME = AccentColor;
				CODE_SIGN_STYLE = Automatic;
				CURRENT_PROJECT_VERSION = 1;
				DEVELOPMENT_ASSET_PATHS = "\"WeatherNews/Preview Content\"";
				ENABLE_PREVIEWS = YES;
				GENERATE_INFOPLIST_FILE = YES;
				INFOPLIST_KEY_NSLocationWhenInUseUsageDescription = "We use your location to show local weather";
				INFOPLIST_KEY_UIApplicationSceneManifest_Generation = YES;
				INFOPLIST_KEY_UIApplicationSupportsIndirectInputEvents = YES;
				INFOPLIST_KEY_UILaunchScreen_Generation = YES;
				INFOPLIST_KEY_UISupportedInterfaceOrientations_iPad = "UIInterfaceOrientationPortrait UIInterfaceOrientationPortraitUpsideDown UIInterfaceOrientationLandscapeLeft UIInterfaceOrientationLandscapeRight";
				INFOPLIST_KEY_UISupportedInterfaceOrientations_iPhone = "UIInterfaceOrientationPortrait UIInterfaceOrientationLandscapeLeft UIInterfaceOrientationLandscapeRight";
				LD_RUNPATH_SEARCH_PATHS = (
					"$(inherited)",
					"@executable_path/Frameworks",
				);
				MARKETING_VERSION = 1.0;
				PRODUCT_BUNDLE_IDENTIFIER = "Mohammed-Hussien.WeatherNews";
				PRODUCT_NAME = "$(TARGET_NAME)";
				SWIFT_EMIT_LOC_STRINGS = YES;
				SWIFT_VERSION = 5.0;
				TARGETED_DEVICE_FAMILY = "1,2";
			};
			name = Debug;
		};
		2205E9C62EA7E8050038A2A2 /* Release */ = {
			isa = XCBuildConfiguration;
			buildSettings = {
				ASSETCATALOG_COMPILER_APPICON_NAME = AppIcon;
				ASSETCATALOG_COMPILER_GLOBAL_ACCENT_COLOR_NAME = AccentColor;
				CODE_SIGN_STYLE = Automatic;
				CURRENT_PROJECT_VERSION = 1;
				DEVELOPMENT_ASSET_PATHS = "\"WeatherNews/Preview Content\"";
				ENABLE_PREVIEWS = YES;
				GENERATE_INFOPLIST_FILE = YES;
				INFOPLIST_KEY_NSLocationWhenInUseUsageDescription = "We use your location to show local weather";
				INFOPLIST_KEY_UIApplicationSceneManifest_Generation = YES;
				INFOPLIST_KEY_UIApplicationSupportsIndirectInputEvents = YES;
				INFOPLIST_KEY_UILaunchScreen_Generation = YES;
				INFOPLIST_KEY_UISupportedInterfaceOrientations_iPad = "UIInterfaceOrientationPortrait UIInterfaceOrientationPortraitUpsideDown UIInterfaceOrientationLandscapeLeft UIInterfaceOrientationLandscapeRight";
				INFOPLIST_KEY_UISupportedInterfaceOrientations_iPhone = "UIInterfaceOrientationPortrait UIInterfaceOrientationLandscapeLeft UIInterfaceOrientationLandscapeRight";
				LD_RUNPATH_SEARCH_PATHS = (
					"$(inherited)",
					"@executable_path/Frameworks",
				);
				MARKETING_VERSION = 1.0;
				PRODUCT_BUNDLE_IDENTIFIER = "Mohammed-Hussien.WeatherNews";
				PRODUCT_NAME = "$(TARGET_NAME)";
				SWIFT_EMIT_LOC_STRINGS = YES;
				SWIFT_VERSION = 5.0;
				TARGETED_DEVICE_FAMILY = "1,2";
			};
			name = Release;
		};
		2205E9C82EA7E8050038A2A2 /* Debug */ = {
			isa = XCBuildConfiguration;
			buildSettings = {
				ALWAYS_EMBED_SWIFT_STANDARD_LIBRARIES = YES;
				BUNDLE_LOADER = "$(TEST_HOST)";
				CODE_SIGN_STYLE = Automatic;
				CURRENT_PROJECT_VERSION = 1;
				GENERATE_INFOPLIST_FILE = YES;
				IPHONEOS_DEPLOYMENT_TARGET = 17.2;
				MARKETING_VERSION = 1.0;
				PRODUCT_BUNDLE_IDENTIFIER = "Mohammed-Hussien.WeatherNewsTests";
				PRODUCT_NAME = "$(TARGET_NAME)";
				SWIFT_EMIT_LOC_STRINGS = NO;
				SWIFT_VERSION = 5.0;
				TARGETED_DEVICE_FAMILY = "1,2";
				TEST_HOST = "$(BUILT_PRODUCTS_DIR)/WeatherNews.app/$(BUNDLE_EXECUTABLE_FOLDER_PATH)/WeatherNews";
			};
			name = Debug;
		};
		2205E9C92EA7E8050038A2A2 /* Release */ = {
			isa = XCBuildConfiguration;
			buildSettings = {
				ALWAYS_EMBED_SWIFT_STANDARD_LIBRARIES = YES;
				BUNDLE_LOADER = "$(TEST_HOST)";
				CODE_SIGN_STYLE = Automatic;
				CURRENT_PROJECT_VERSION = 1;
				GENERATE_INFOPLIST_FILE = YES;
				IPHONEOS_DEPLOYMENT_TARGET = 17.2;
				MARKETING_VERSION = 1.0;
				PRODUCT_BUNDLE_IDENTIFIER = "Mohammed-Hussien.WeatherNewsTests";
				PRODUCT_NAME = "$(TARGET_NAME)";
				SWIFT_EMIT_LOC_STRINGS = NO;
				SWIFT_VERSION = 5.0;
				TARGETED_DEVICE_FAMILY = "1,2";
				TEST_HOST = "$(BUILT_PRODUCTS_DIR)/WeatherNews.app/$(BUNDLE_EXECUTABLE_FOLDER_PATH)/WeatherNews";
			};
			name = Release;
		};
		2205E9CB2EA7E8050038A2A2 /* Debug */ = {
			isa = XCBuildConfiguration;
			buildSettings = {
				ALWAYS_EMBED_SWIFT_STANDARD_LIBRARIES = YES;
				CODE_SIGN_STYLE = Automatic;
				CURRENT_PROJECT_VERSION = 1;
				GENERATE_INFOPLIST_FILE = YES;
				MARKETING_VERSION = 1.0;
				PRODUCT_BUNDLE_IDENTIFIER = "Mohammed-Hussien.WeatherNewsUITests";
				PRODUCT_NAME = "$(TARGET_NAME)";
				SWIFT_EMIT_LOC_STRINGS = NO;
				SWIFT_VERSION = 5.0;
				TARGETED_DEVICE_FAMILY = "1,2";
				TEST_TARGET_NAME = WeatherNews;
			};
			name = Debug;
		};
		2205E9CC2EA7E8050038A2A2 /* Release */ = {
			isa = XCBuildConfiguration;
			buildSettings = {
				ALWAYS_EMBED_SWIFT_STANDARD_LIBRARIES = YES;
				CODE_SIGN_STYLE = Automatic;
				CURRENT_PROJECT_VERSION = 1;
				GENERATE_INFOPLIST_FILE = YES;
				MARKETING_VERSION = 1.0;
				PRODUCT_BUNDLE_IDENTIFIER = "Mohammed-Hussien.WeatherNewsUITests";
				PRODUCT_NAME = "$(TARGET_NAME)";
				SWIFT_EMIT_LOC_STRINGS = NO;
				SWIFT_VERSION = 5.0;
				TARGETED_DEVICE_FAMILY = "1,2";
				TEST_TARGET_NAME = WeatherNews;
			};
			name = Release;
		};
/* End XCBuildConfiguration section */

/* Begin XCConfigurationList section */
		2205E9962EA7E8010038A2A2 /* Build configuration list for PBXProject "WeatherNews" */ = {
			isa = XCConfigurationList;
			buildConfigurations = (
				2205E9C22EA7E8050038A2A2 /* Debug */,
				2205E9C32EA7E8050038A2A2 /* Release */,
			);
			defaultConfigurationIsVisible = 0;
			defaultConfigurationName = Release;
		};
		2205E9C42EA7E8050038A2A2 /* Build configuration list for PBXNativeTarget "WeatherNews" */ = {
			isa = XCConfigurationList;
			buildConfigurations = (
				2205E9C52EA7E8050038A2A2 /* Debug */,
				2205E9C62EA7E8050038A2A2 /* Release */,
			);
			defaultConfigurationIsVisible = 0;
			defaultConfigurationName = Release;
		};
		2205E9C72EA7E8050038A2A2 /* Build configuration list for PBXNativeTarget "WeatherNewsTests" */ = {
			isa = XCConfigurationList;
			buildConfigurations = (
				2205E9C82EA7E8050038A2A2 /* Debug */,
				2205E9C92EA7E8050038A2A2 /* Release */,
			);
			defaultConfigurationIsVisible = 0;
			defaultConfigurationName = Release;
		};
		2205E9CA2EA7E8050038A2A2 /* Build configuration list for PBXNativeTarget "WeatherNewsUITests" */ = {
			isa = XCConfigurationList;
			buildConfigurations = (
				2205E9CB2EA7E8050038A2A2 /* Debug */,
				2205E9CC2EA7E8050038A2A2 /* Release */,
			);
			defaultConfigurationIsVisible = 0;
			defaultConfigurationName = Release;
		};
/* End XCConfigurationList section */

/* Begin XCRemoteSwiftPackageReference section */
		22453F552EB563A10083F15B /* XCRemoteSwiftPackageReference "keychain-swift" */ = {
			isa = XCRemoteSwiftPackageReference;
			repositoryURL = "https://github.com/evgenyneu/keychain-swift";
			requirement = {
				kind = upToNextMajorVersion;
				minimumVersion = 24.0.0;
			};
		};
		22575C622ECB4679001D40BE /* XCRemoteSwiftPackageReference "Kingfisher" */ = {
			isa = XCRemoteSwiftPackageReference;
			repositoryURL = "https://github.com/onevcat/Kingfisher.git";
			requirement = {
				kind = upToNextMajorVersion;
				minimumVersion = 8.6.2;
			};
		};
		227F9A6C2ECAFC3500322A25 /* XCRemoteSwiftPackageReference "Swinject" */ = {
			isa = XCRemoteSwiftPackageReference;
			repositoryURL = "https://github.com/Swinject/Swinject.git";
			requirement = {
				kind = exactVersion;
				version = 2.8.0;
			};
		};
/* End XCRemoteSwiftPackageReference section */

/* Begin XCSwiftPackageProductDependency section */
		22453F562EB563A20083F15B /* KeychainSwift */ = {
			isa = XCSwiftPackageProductDependency;
			package = 22453F552EB563A10083F15B /* XCRemoteSwiftPackageReference "keychain-swift" */;
			productName = KeychainSwift;
		};
		22575C632ECB4679001D40BE /* Kingfisher */ = {
			isa = XCSwiftPackageProductDependency;
			package = 22575C622ECB4679001D40BE /* XCRemoteSwiftPackageReference "Kingfisher" */;
			productName = Kingfisher;
		};
		227F9A6D2ECAFC3500322A25 /* Swinject */ = {
			isa = XCSwiftPackageProductDependency;
			package = 227F9A6C2ECAFC3500322A25 /* XCRemoteSwiftPackageReference "Swinject" */;
			productName = Swinject;
		};
/* End XCSwiftPackageProductDependency section */

/* Begin XCVersionGroup section */
		2205E9A92EA7E8040038A2A2 /* WeatherEntity.xcdatamodeld */ = {
			isa = XCVersionGroup;
			children = (
				2205E9AA2EA7E8040038A2A2 /* WeatherNews.xcdatamodel */,
			);
			currentVersion = 2205E9AA2EA7E8040038A2A2 /* WeatherNews.xcdatamodel */;
			path = WeatherEntity.xcdatamodeld;
			sourceTree = "<group>";
			versionGroupType = wrapper.xcdatamodel;
		};
/* End XCVersionGroup section */
	};
	rootObject = 2205E9932EA7E8010038A2A2 /* Project object */;
}
